
Microsoft Visual Studio Solution File, Format Version 12.00
# Visual Studio Version 16
VisualStudioVersion = 16.0.29411.108
MinimumVisualStudioVersion = 10.0.40219.1
Project("{9092AA53-FB77-4645-B42D-1CCCA6BD08BD}") = "DataTable", "DataTable.njsproj", "{A54CC924-AD1A-416C-837B-C328F0EBCFB6}"
EndProject
Global
	GlobalSection(SolutionConfigurationPlatforms) = preSolution
		Debug|Any CPU = Debug|Any CPU
		Release|Any CPU = Release|Any CPU
	EndGlobalSection
	GlobalSection(ProjectConfigurationPlatforms) = postSolution
		{A54CC924-AD1A-416C-837B-C328F0EBCFB6}.Debug|Any CPU.ActiveCfg = Debug|Any CPU
		{A54CC924-AD1A-416C-837B-C328F0EBCFB6}.Debug|Any CPU.Build.0 = Debug|Any CPU
		{A54CC924-AD1A-416C-837B-C328F0EBCFB6}.Release|Any CPU.ActiveCfg = Release|Any CPU
		{A54CC924-AD1A-416C-837B-C328F0EBCFB6}.Release|Any CPU.Build.0 = Release|Any CPU
	EndGlobalSection
	GlobalSection(SolutionProperties) = preSolution
		HideSolutionNode = FALSE
	EndGlobalSection
	GlobalSection(ExtensibilityGlobals) = postSolution
		SolutionGuid = {39B16C3A-51F1-4B7E-9B81-C423ADBE309B}
	EndGlobalSection
EndGlobal
